
Microsoft Visual Studio Solution File, Format Version 12.00
# Visual Studio Version 16
VisualStudioVersion = 16.0.30128.74
MinimumVisualStudioVersion = 10.0.40219.1
Project("{FAE04EC0-301F-11D3-BF4B-00C04F79EFBC}") = "CalculatorBasic.Android", "CalculatorBasic.Android\CalculatorBasic.Android.csproj", "{ECA67107-5DF4-4E85-823F-5025256CDD2A}"
EndProject
Project("{FAE04EC0-301F-11D3-BF4B-00C04F79EFBC}") = "CalculatorBasic.iOS", "CalculatorBasic.iOS\CalculatorBasic.iOS.csproj", "{68931787-6758-4AA7-92AB-E87F3D88FBBA}"
EndProject
Project("{FAE04EC0-301F-11D3-BF4B-00C04F79EFBC}") = "CalculatorBasic", "CalculatorBasic\CalculatorBasic.csproj", "{6793680A-83B5-49A3-A8EB-711BE784D1C6}"
EndProject
Global
	GlobalSection(SolutionConfigurationPlatforms) = preSolution
		Debug|Any CPU = Debug|Any CPU
		Debug|iPhone = Debug|iPhone
		Debug|iPhoneSimulator = Debug|iPhoneSimulator
		Release|Any CPU = Release|Any CPU
		Release|iPhone = Release|iPhone
		Release|iPhoneSimulator = Release|iPhoneSimulator
	EndGlobalSection
	GlobalSection(ProjectConfigurationPlatforms) = postSolution
		{ECA67107-5DF4-4E85-823F-5025256CDD2A}.Debug|Any CPU.ActiveCfg = Debug|Any CPU
		{ECA67107-5DF4-4E85-823F-5025256CDD2A}.Debug|Any CPU.Build.0 = Debug|Any CPU
		{ECA67107-5DF4-4E85-823F-5025256CDD2A}.Debug|Any CPU.Deploy.0 = Debug|Any CPU
		{ECA67107-5DF4-4E85-823F-5025256CDD2A}.Debug|iPhone.ActiveCfg = Debug|Any CPU
		{ECA67107-5DF4-4E85-823F-5025256CDD2A}.Debug|iPhone.Build.0 = Debug|Any CPU
		{ECA67107-5DF4-4E85-823F-5025256CDD2A}.Debug|iPhone.Deploy.0 = Debug|Any CPU
		{ECA67107-5DF4-4E85-823F-5025256CDD2A}.Debug|iPhoneSimulator.ActiveCfg = Debug|Any CPU
		{ECA67107-5DF4-4E85-823F-5025256CDD2A}.Debug|iPhoneSimulator.Build.0 = Debug|Any CPU
		{ECA67107-5DF4-4E85-823F-5025256CDD2A}.Debug|iPhoneSimulator.Deploy.0 = Debug|Any CPU
		{ECA67107-5DF4-4E85-823F-5025256CDD2A}.Release|Any CPU.ActiveCfg = Release|Any CPU
		{ECA67107-5DF4-4E85-823F-5025256CDD2A}.Release|Any CPU.Build.0 = Release|Any CPU
		{ECA67107-5DF4-4E85-823F-5025256CDD2A}.Release|Any CPU.Deploy.0 = Release|Any CPU
		{ECA67107-5DF4-4E85-823F-5025256CDD2A}.Release|iPhone.ActiveCfg = Release|Any CPU
		{ECA67107-5DF4-4E85-823F-5025256CDD2A}.Release|iPhone.Build.0 = Release|Any CPU
		{ECA67107-5DF4-4E85-823F-5025256CDD2A}.Release|iPhone.Deploy.0 = Release|Any CPU
		{ECA67107-5DF4-4E85-823F-5025256CDD2A}.Release|iPhoneSimulator.ActiveCfg = Release|Any CPU
		{ECA67107-5DF4-4E85-823F-5025256CDD2A}.Release|iPhoneSimulator.Build.0 = Release|Any CPU
		{ECA67107-5DF4-4E85-823F-5025256CDD2A}.Release|iPhoneSimulator.Deploy.0 = Release|Any CPU
		{68931787-6758-4AA7-92AB-E87F3D88FBBA}.Debug|Any CPU.ActiveCfg = Debug|iPhone
		{68931787-6758-4AA7-92AB-E87F3D88FBBA}.Debug|Any CPU.Build.0 = Debug|iPhone
		{68931787-6758-4AA7-92AB-E87F3D88FBBA}.Debug|Any CPU.Deploy.0 = Debug|iPhone
		{68931787-6758-4AA7-92AB-E87F3D88FBBA}.Debug|iPhone.ActiveCfg = Debug|iPhone
		{68931787-6758-4AA7-92AB-E87F3D88FBBA}.Debug|iPhone.Build.0 = Debug|iPhone
		{68931787-6758-4AA7-92AB-E87F3D88FBBA}.Debug|iPhone.Deploy.0 = Debug|iPhone
		{68931787-6758-4AA7-92AB-E87F3D88FBBA}.Debug|iPhoneSimulator.ActiveCfg = Debug|iPhoneSimulator
		{68931787-6758-4AA7-92AB-E87F3D88FBBA}.Debug|iPhoneSimulator.Build.0 = Debug|iPhoneSimulator
		{68931787-6758-4AA7-92AB-E87F3D88FBBA}.Debug|iPhoneSimulator.Deploy.0 = Debug|iPhoneSimulator
		{68931787-6758-4AA7-92AB-E87F3D88FBBA}.Release|Any CPU.ActiveCfg = Release|iPhone
		{68931787-6758-4AA7-92AB-E87F3D88FBBA}.Release|Any CPU.Build.0 = Release|iPhone
		{68931787-6758-4AA7-92AB-E87F3D88FBBA}.Release|Any CPU.Deploy.0 = Release|iPhone
		{68931787-6758-4AA7-92AB-E87F3D88FBBA}.Release|iPhone.ActiveCfg = Release|iPhone
		{68931787-6758-4AA7-92AB-E87F3D88FBBA}.Release|iPhone.Build.0 = Release|iPhone
		{68931787-6758-4AA7-92AB-E87F3D88FBBA}.Release|iPhone.Deploy.0 = Release|iPhone
		{68931787-6758-4AA7-92AB-E87F3D88FBBA}.Release|iPhoneSimulator.ActiveCfg = Release|iPhoneSimulator
		{68931787-6758-4AA7-92AB-E87F3D88FBBA}.Release|iPhoneSimulator.Build.0 = Release|iPhoneSimulator
		{68931787-6758-4AA7-92AB-E87F3D88FBBA}.Release|iPhoneSimulator.Deploy.0 = Release|iPhoneSimulator
		{6793680A-83B5-49A3-A8EB-711BE784D1C6}.Debug|Any CPU.ActiveCfg = Debug|Any CPU
		{6793680A-83B5-49A3-A8EB-711BE784D1C6}.Debug|Any CPU.Build.0 = Debug|Any CPU
		{6793680A-83B5-49A3-A8EB-711BE784D1C6}.Debug|Any CPU.Deploy.0 = Debug|Any CPU
		{6793680A-83B5-49A3-A8EB-711BE784D1C6}.Debug|iPhone.ActiveCfg = Debug|Any CPU
		{6793680A-83B5-49A3-A8EB-711BE784D1C6}.Debug|iPhone.Build.0 = Debug|Any CPU
		{6793680A-83B5-49A3-A8EB-711BE784D1C6}.Debug|iPhone.Deploy.0 = Debug|Any CPU
		{6793680A-83B5-49A3-A8EB-711BE784D1C6}.Debug|iPhoneSimulator.ActiveCfg = Debug|Any CPU
		{6793680A-83B5-49A3-A8EB-711BE784D1C6}.Debug|iPhoneSimulator.Build.0 = Debug|Any CPU
		{6793680A-83B5-49A3-A8EB-711BE784D1C6}.Debug|iPhoneSimulator.Deploy.0 = Debug|Any CPU
		{6793680A-83B5-49A3-A8EB-711BE784D1C6}.Release|Any CPU.ActiveCfg = Release|Any CPU
		{6793680A-83B5-49A3-A8EB-711BE784D1C6}.Release|Any CPU.Build.0 = Release|Any CPU
		{6793680A-83B5-49A3-A8EB-711BE784D1C6}.Release|Any CPU.Deploy.0 = Release|Any CPU
		{6793680A-83B5-49A3-A8EB-711BE784D1C6}.Release|iPhone.ActiveCfg = Release|Any CPU
		{6793680A-83B5-49A3-A8EB-711BE784D1C6}.Release|iPhone.Build.0 = Release|Any CPU
		{6793680A-83B5-49A3-A8EB-711BE784D1C6}.Release|iPhone.Deploy.0 = Release|Any CPU
		{6793680A-83B5-49A3-A8EB-711BE784D1C6}.Release|iPhoneSimulator.ActiveCfg = Release|Any CPU
		{6793680A-83B5-49A3-A8EB-711BE784D1C6}.Release|iPhoneSimulator.Build.0 = Release|Any CPU
		{6793680A-83B5-49A3-A8EB-711BE784D1C6}.Release|iPhoneSimulator.Deploy.0 = Release|Any CPU
	EndGlobalSection
	GlobalSection(SolutionProperties) = preSolution
		HideSolutionNode = FALSE
	EndGlobalSection
	GlobalSection(ExtensibilityGlobals) = postSolution
		SolutionGuid = {F09ECB98-BBC3-4148-AD67-F62414229153}
	EndGlobalSection
EndGlobal
